
Microsoft Visual Studio Solution File, Format Version 12.00
# Visual Studio Version 17
VisualStudioVersion = 17.14.36414.22
MinimumVisualStudioVersion = 10.0.40219.1
Project("{2150E333-8FDC-42A3-9474-1A3956D46DE8}") = "Services", "Services", "{02EA681E-C7D8-13C7-8484-4AC65E1B71E8}"
EndProject
Project("{2150E333-8FDC-42A3-9474-1A3956D46DE8}") = "Catalog", "Catalog", "{F45EBF42-2CED-458F-B6A3-D6C788A3516B}"
EndProject
Project("{FAE04EC0-301F-11D3-BF4B-00C04F79EFBC}") = "Catalog.Api", "Services\Catalog\Catalog.Api\Catalog.Api.csproj", "{D937E930-2B6D-4BA1-80BC-0C4B5D619AFB}"
EndProject
Project("{2150E333-8FDC-42A3-9474-1A3956D46DE8}") = "BuildingBlocks", "BuildingBlocks", "{42A684C7-5E01-42FE-8600-FFC0C3EF6B32}"
EndProject
Project("{FAE04EC0-301F-11D3-BF4B-00C04F79EFBC}") = "BuildingBlocks", "BuildingBlocks\BuildingBlocks\BuildingBlocks.csproj", "{2027F3C6-E2B8-4777-A7F0-CFE69295E3DD}"
EndProject
Global
	GlobalSection(SolutionConfigurationPlatforms) = preSolution
		Debug|Any CPU = Debug|Any CPU
		Release|Any CPU = Release|Any CPU
	EndGlobalSection
	GlobalSection(ProjectConfigurationPlatforms) = postSolution
		{D937E930-2B6D-4BA1-80BC-0C4B5D619AFB}.Debug|Any CPU.ActiveCfg = Debug|Any CPU
		{D937E930-2B6D-4BA1-80BC-0C4B5D619AFB}.Debug|Any CPU.Build.0 = Debug|Any CPU
		{D937E930-2B6D-4BA1-80BC-0C4B5D619AFB}.Release|Any CPU.ActiveCfg = Release|Any CPU
		{D937E930-2B6D-4BA1-80BC-0C4B5D619AFB}.Release|Any CPU.Build.0 = Release|Any CPU
		{2027F3C6-E2B8-4777-A7F0-CFE69295E3DD}.Debug|Any CPU.ActiveCfg = Debug|Any CPU
		{2027F3C6-E2B8-4777-A7F0-CFE69295E3DD}.Debug|Any CPU.Build.0 = Debug|Any CPU
		{2027F3C6-E2B8-4777-A7F0-CFE69295E3DD}.Release|Any CPU.ActiveCfg = Release|Any CPU
		{2027F3C6-E2B8-4777-A7F0-CFE69295E3DD}.Release|Any CPU.Build.0 = Release|Any CPU
	EndGlobalSection
	GlobalSection(SolutionProperties) = preSolution
		HideSolutionNode = FALSE
	EndGlobalSection
	GlobalSection(NestedProjects) = preSolution
		{F45EBF42-2CED-458F-B6A3-D6C788A3516B} = {02EA681E-C7D8-13C7-8484-4AC65E1B71E8}
		{D937E930-2B6D-4BA1-80BC-0C4B5D619AFB} = {F45EBF42-2CED-458F-B6A3-D6C788A3516B}
		{2027F3C6-E2B8-4777-A7F0-CFE69295E3DD} = {42A684C7-5E01-42FE-8600-FFC0C3EF6B32}
	EndGlobalSection
	GlobalSection(ExtensibilityGlobals) = postSolution
		SolutionGuid = {553457CA-1C62-49D0-B63B-8F7990FA4691}
	EndGlobalSection
EndGlobal
